# THIS IS AN AUTOGENERATED FILE. DO NOT EDIT THIS FILE DIRECTLY.
# yarn lockfile v1


"@hapi/address@2.x.x":
  version "2.1.4"
  resolved "https://registry.yarnpkg.com/@hapi/address/-/address-2.1.4.tgz#5d67ed43f3fd41a69d4b9ff7b56e7c0d1d0a81e5"
  integrity sha512-QD1PhQk+s31P1ixsX0H0Suoupp3VMXzIVMSwobR3F3MSUO2YCV0B7xqLcUw/Bh8yuvd3LhpyqLQWTNcRmp6IdQ==

"@hapi/bourne@1.x.x":
  version "1.3.2"
  resolved "https://registry.yarnpkg.com/@hapi/bourne/-/bourne-1.3.2.tgz#0a7095adea067243ce3283e1b56b8a8f453b242a"
  integrity sha512-1dVNHT76Uu5N3eJNTYcvxee+jzX4Z9lfciqRRHCU27ihbUcYi+iSc2iml5Ke1LXe1SyJCLA0+14Jh4tXJgOppA==

"@hapi/hoek@8.x.x", "@hapi/hoek@^8.3.0":
  version "8.5.1"
  resolved "https://registry.yarnpkg.com/@hapi/hoek/-/hoek-8.5.1.tgz#fde96064ca446dec8c55a8c2f130957b070c6e06"
  integrity sha512-yN7kbciD87WzLGc5539Tn0sApjyiGHAJgKvG9W8C7O+6c7qmoQMfVs0W4bX17eqz6C78QJqqFrtgdK5EWf6Qow==

"@hapi/joi@^15.1.1":
  version "15.1.1"
  resolved "https://registry.yarnpkg.com/@hapi/joi/-/joi-15.1.1.tgz#c675b8a71296f02833f8d6d243b34c57b8ce19d7"
  integrity sha512-entf8ZMOK8sc+8YfeOlM8pCfg3b5+WZIKBfUaaJT8UsjAAPjartzxIYm3TIbjvA4u+u++KbcXD38k682nVHDAQ==
  dependencies:
    "@hapi/address" "2.x.x"
    "@hapi/bourne" "1.x.x"
    "@hapi/hoek" "8.x.x"
    "@hapi/topo" "3.x.x"

"@hapi/topo@3.x.x":
  version "3.1.6"
  resolved "https://registry.yarnpkg.com/@hapi/topo/-/topo-3.1.6.tgz#68d935fa3eae7fdd5ab0d7f953f3205d8b2bfc29"
  integrity sha512-tAag0jEcjwH+P2quUfipd7liWCNX2F8NvYjQp2wtInsZxnMlypdw0FtAOLxtvvkO+GSRRbmNi8m/5y42PQJYCQ==
  dependencies:
    "@hapi/hoek" "^8.3.0"

"@now/node@^1.4.1":
  version "1.4.1"
  resolved "https://registry.yarnpkg.com/@now/node/-/node-1.4.1.tgz#a07e22abb34d892e77fef1471f35518ddb39dbfc"
  integrity sha512-EjP/pdBMKsEMCGQ1OLLmBGnjA3QZG1erYTrMqmDVqypeQsY1UUFTY4h1C4d6WNq33qk/nMxpcJzuAhxt+nLQyg==
  dependencies:
    "@types/node" "*"

"@types/node@*":
  version "13.7.7"
  resolved "https://registry.yarnpkg.com/@types/node/-/node-13.7.7.tgz#1628e6461ba8cc9b53196dfeaeec7b07fa6eea99"
  integrity sha512-Uo4chgKbnPNlxQwoFmYIwctkQVkMMmsAoGGU4JKwLuvBefF0pCq4FybNSnfkfRCpC7ZW7kttcC/TrRtAJsvGtg==

"@types/simple-oauth2@^2.5.2":
  version "2.5.2"
  resolved "https://registry.yarnpkg.com/@types/simple-oauth2/-/simple-oauth2-2.5.2.tgz#7040e811e47b9560bb2f8ee6c833947177ae05de"
  integrity sha512-ueSZbyJ8/69T2ADkcjOFu9VndpM+5lHP0ppMsr31Mi6ufY51rnmg3EdaMpjNFSqDpfZAGrihutEJFZrV70/ABA==

boom@7.x.x:
  version "7.3.0"
  resolved "https://registry.yarnpkg.com/boom/-/boom-7.3.0.tgz#733a6d956d33b0b1999da3fe6c12996950d017b9"
  integrity sha512-Swpoyi2t5+GhOEGw8rEsKvTxFLIDiiKoUc2gsoV6Lyr43LHBIzch3k2MvYUs8RTROrIkVJ3Al0TkaOGjnb+B6A==
  dependencies:
    hoek "6.x.x"

bourne@1.x.x:
  version "1.1.2"
  resolved "https://registry.yarnpkg.com/bourne/-/bourne-1.1.2.tgz#e290b5bd7166635632eaf8ef12b006b2d4a75b83"
  integrity sha512-b2dgVkTZhkQirNMohgC00rWfpVqEi9y5tKM1k3JvoNx05ODtfQoPPd4js9CYFQoY0IM8LAmnJulEuWv74zjUOg==

date-fns@^2.2.1:
  version "2.10.0"
  resolved "https://registry.yarnpkg.com/date-fns/-/date-fns-2.10.0.tgz#abd10604d8bafb0bcbd2ba2e9b0563b922ae4b6b"
  integrity sha512-EhfEKevYGWhWlZbNeplfhIU/+N+x0iCIx7VzKlXma2EdQyznVlZhCptXUY+BegNpPW2kjdx15Rvq503YcXXrcA==

debug@^4.1.1:
  version "4.1.1"
  resolved "https://registry.yarnpkg.com/debug/-/debug-4.1.1.tgz#3b72260255109c6b589cee050f1d516139664791"
  integrity sha512-pYAIzeRo8J6KPEaJ0VWOh5Pzkbw/RetuzehGM7QRRX5he4fPHx2rdKMB256ehJCkX+XRQm16eZLqLNS8RSZXZw==
  dependencies:
    ms "^2.1.1"

hoek@6.x.x:
  version "6.1.3"
  resolved "https://registry.yarnpkg.com/hoek/-/hoek-6.1.3.tgz#73b7d33952e01fe27a38b0457294b79dd8da242c"
  integrity sha512-YXXAAhmF9zpQbC7LEcREFtXfGq5K1fmd+4PHkBq8NUqmzW3G+Dq10bI/i0KucLRwss3YYFQ0fSfoxBZYiGUqtQ==

ms@^2.1.1:
  version "2.1.2"
  resolved "https://registry.yarnpkg.com/ms/-/ms-2.1.2.tgz#d09d1f357b443f493382a8eb3ccd183872ae6009"
  integrity sha512-sGkPx+VjMtmA6MX27oA4FBFELFCZZ4S4XqeGOXCv68tT+jb3vk/RyaKWP0PTKyWtmLSM0b+adUTEvbs1PEaH2w==

simple-oauth2@^2.5.2:
  version "2.5.2"
  resolved "https://registry.yarnpkg.com/simple-oauth2/-/simple-oauth2-2.5.2.tgz#337bcd4b44c76e976caa77a1c7b00612b2500aeb"
  integrity sha512-8qjf+nHRdSUllFjjfpnonrU1oF/HNVbDle5HIbvXRYiy38C7KUvYe6w0ZZ//g4AFB6VNWuiZ80HmnycR8ZFDyQ==
  dependencies:
    "@hapi/joi" "^15.1.1"
    date-fns "^2.2.1"
    debug "^4.1.1"
    wreck "^14.0.2"

wreck@^14.0.2:
  version "14.2.0"
  resolved "https://registry.yarnpkg.com/wreck/-/wreck-14.2.0.tgz#0064a5b930fc675f57830c1fd28342da1a70b0fc"
  integrity sha512-NFFft3SMgqrJbXEVfYifh+QDWFxni+98/I7ut7rLbz3F0XOypluHsdo3mdEYssGSirMobM3fGlqhyikbWKDn2Q==
  dependencies:
    boom "7.x.x"
    bourne "1.x.x"
    hoek "6.x.x"
